
Microsoft Visual Studio Solution File, Format Version 12.00
# Visual Studio Version 17
VisualStudioVersion = 17.5.002.0
MinimumVisualStudioVersion = 10.0.40219.1
Project("{9A19103F-16F7-4668-BE54-9A1E7A4F7556}") = "MobileProviderAPI", "MobileProviderAPI.csproj", "{B2B6327D-6B2F-4E79-92F7-FCFED94AF675}"
EndProject
Global
	GlobalSection(SolutionConfigurationPlatforms) = preSolution
		Debug|Any CPU = Debug|Any CPU
		Release|Any CPU = Release|Any CPU
	EndGlobalSection
	GlobalSection(ProjectConfigurationPlatforms) = postSolution
		{B2B6327D-6B2F-4E79-92F7-FCFED94AF675}.Debug|Any CPU.ActiveCfg = Debug|Any CPU
		{B2B6327D-6B2F-4E79-92F7-FCFED94AF675}.Debug|Any CPU.Build.0 = Debug|Any CPU
		{B2B6327D-6B2F-4E79-92F7-FCFED94AF675}.Release|Any CPU.ActiveCfg = Release|Any CPU
		{B2B6327D-6B2F-4E79-92F7-FCFED94AF675}.Release|Any CPU.Build.0 = Release|Any CPU
	EndGlobalSection
	GlobalSection(SolutionProperties) = preSolution
		HideSolutionNode = FALSE
	EndGlobalSection
	GlobalSection(ExtensibilityGlobals) = postSolution
		SolutionGuid = {31848E57-B84B-476F-BDBC-4F765F49D611}
	EndGlobalSection
EndGlobal
